// !$*UTF8*$!
{
	archiveVersion = 1;
	classes = {
	};
	objectVersion = 46;
	objects = {
		58A030392F728AF1A813ECC4 = {
			isa = PBXBuildFile;
			fileRef = 8D8D8FE78C104643C2B28222;
		};
		082DAFE500836B1A73DB50D4 = {
			isa = PBXBuildFile;
			fileRef = 3F9C30734A01FE81E271F881;
		};
		B79171C4311ADD6AB61D49C4 = {
			isa = PBXBuildFile;
			fileRef = 299907B79897019757817590;
		};
		87A0704FFC8F450A7BBD7DBE = {
			isa = PBXBuildFile;
			fileRef = 148E04D68179ADEABF1DCD08;
		};
		D0CED8509C45429E02D1C5C2 = {
			isa = PBXBuildFile;
			fileRef = 68703AC0467897FE5603DEEE;
		};
		5072649C54AE87802FF4C79B = {
			isa = PBXBuildFile;
			fileRef = 481FFA19B4448784BD860BD3;
		};
		4DC3CB4C9560283E20EA2E37 = {
			isa = PBXBuildFile;
			fileRef = ABDFFFA692DA0CCD697A00EA;
		};
		DFB262BD67058DA59D1051F7 = {
			isa = PBXBuildFile;
			fileRef = E4AB1162AF6C780BA14950C2;
		};
		2668A80E3EFC24C376F31EC6 = {
			isa = PBXBuildFile;
			fileRef = F9418C2B0EEF358EE09DD67D;
		};
		EF6144E3FC962916EBCCE92C = {
			isa = PBXBuildFile;
			fileRef = 95BFC105A8DAF482697AA792;
		};
		35F5B7E2CFF0AECA2C8102BF = {
			isa = PBXBuildFile;
			fileRef = ADF73AAF55892C2A035A4429;
		};
		81C23AB74D163F0DDEEFE22C = {
			isa = PBXBuildFile;
			fileRef = 1E0A6FF537B9C6EE274A5385;
		};
		1865E69F3E67494A2D2CFC15 = {
			isa = PBXBuildFile;
			fileRef = 8A750948ED45E2DDA229B441;
		};
		C822C82978E305033A9782FA = {
			isa = PBXBuildFile;
			fileRef = 535B38F737B5C89458A861D0;
		};
		97C1377B60890B2DB3AD3ACF = {
			isa = PBXBuildFile;
			fileRef = ECC9E4EFD6BD54665F35F9D7;
		};
		F38B6A5F58B64F7053E902F1 = {
			isa = PBXBuildFile;
			fileRef = D19E7B2081B027A878121F07;
		};
		9664B7A5936974F2007C528C = {
			isa = PBXBuildFile;
			fileRef = DBF2375F23B91809864A3CAC;
		};
		4D1F1CB85BA2308C1C630D90 = {
			isa = PBXBuildFile;
			fileRef = 5B004FE5CC385E69242A7686;
		};
		4ED966D88A62A88CDBB79E79 = {
			isa = PBXBuildFile;
			fileRef = 20FD2CB9AD0FB35C33A667A4;
		};
		6B10A9C9A5D1E0D1FAA7D8F9 = {
			isa = PBXBuildFile;
			fileRef = C5FF2EA31A833F866F416898;
		};
		93F15141A5FEA209EDDE2A9C = {
			isa = PBXBuildFile;
			fileRef = C6F37BEA82661F758E5C1932;
		};
		E23DCF8E8CCF0E8845A053D9 = {
			isa = PBXBuildFile;
			fileRef = FD424861F8C991D2AE3281DF;
		};
		7206D52EC79B30C40C3F644B = {
			isa = PBXBuildFile;
			fileRef = CD5E7646FD78D03AE92A822B;
		};
		E567650799E1F72E484C46EC = {
			isa = PBXBuildFile;
			fileRef = BB2A673F60836130D178F78B;
		};
		FCB5F2AADACF010D4777B6C1 = {
			isa = PBXBuildFile;
			fileRef = A19F1296362728C3DC627C0B;
		};
		9525A9D207E3A3518DF1E5D0 = {
			isa = PBXBuildFile;
			fileRef = 30A3A14BCE488552EE3814AB;
		};
		7B183CB1ED95E07C7D3EAAC1 = {
			isa = PBXBuildFile;
			fileRef = EAE5E8B2139D4655E6763392;
		};
		3748EED9AFAFFCE392F4DEE8 = {
			isa = PBXBuildFile;
			fileRef = 20DD165FA812AACF633F50F7;
		};
		032D541B0AABAFFB066DB83A = {
			isa = PBXBuildFile;
			fileRef = 8445A0311BA39E4B811E533B;
		};
		33E92FBDEF3FF313CFB04EB8 = {
			isa = PBXBuildFile;
			fileRef = F4E7F2FD848C9721CDA42875;
		};
		06D668233D7AA770558356E2 = {
			isa = PBXFileReference;
			lastKnownFileType = sourcecode.c.h;
			name = JuceHeader.h;
			path = ../../JuceLibraryCode/JuceHeader.h;
			sourceTree = "SOURCE_ROOT";
		};
		0FEC89746BEF3179EB78FCF5 = {
			isa = PBXFileReference;
			lastKnownFileType = file;
			name = "juce_audio_devices";
			path = "../../../../ext/juce/modules/juce_audio_devices";
			sourceTree = "SOURCE_ROOT";
		};
		105529B757B5C632CBE87C52 = {
			isa = PBXFileReference;
			lastKnownFileType = file;
			name = "juce_audio_processors";
			path = "../../../../ext/juce/modules/juce_audio_processors";
			sourceTree = "SOURCE_ROOT";
		};
		148E04D68179ADEABF1DCD08 = {
			isa = PBXFileReference;
			lastKnownFileType = wrapper.framework;
			name = AVFoundation.framework;
			path = System/Library/Frameworks/AVFoundation.framework;
			sourceTree = SDKROOT;
		};
		1CD9669E2B64496947EC7929 = {
			isa = PBXFileReference;
			lastKnownFileType = file;
			name = "juce_cryptography";
			path = "../../../../ext/juce/modules/juce_cryptography";
			sourceTree = "SOURCE_ROOT";
		};
		1E0A6FF537B9C6EE274A5385 = {
			isa = PBXFileReference;
			lastKnownFileType = wrapper.framework;
			name = OpenGL.framework;
			path = System/Library/Frameworks/OpenGL.framework;
			sourceTree = SDKROOT;
		};
		20DD165FA812AACF633F50F7 = {
			isa = PBXFileReference;
			lastKnownFileType = sourcecode.cpp.objcpp;
			name = "include_juce_gui_extra.mm";
			path = "../../JuceLibraryCode/include_juce_gui_extra.mm";
			sourceTree = "SOURCE_ROOT";
		};
		20FD2CB9AD0FB35C33A667A4 = {
			isa = PBXFileReference;
			lastKnownFileType = sourcecode.cpp.objcpp;
			name = "include_juce_audio_devices.mm";
			path = "../../JuceLibraryCode/include_juce_audio_devices.mm";
			sourceTree = "SOURCE_ROOT";
		};
		299907B79897019757817590 = {
			isa = PBXFileReference;
			lastKnownFileType = wrapper.framework;
			name = AudioToolbox.framework;
			path = System/Library/Frameworks/AudioToolbox.framework;
			sourceTree = SDKROOT;
		};
		30A3A14BCE488552EE3814AB = {
			isa = PBXFileReference;
			lastKnownFileType = sourcecode.cpp.objcpp;
			name = "include_juce_graphics.mm";
			path = "../../JuceLibraryCode/include_juce_graphics.mm";
			sourceTree = "SOURCE_ROOT";
		};
		353B78B4C41C393529211DDC = {
			isa = PBXFileReference;
			lastKnownFileType = file;
			name = "juce_video";
			path = "../../../../ext/juce/modules/juce_video";
			sourceTree = "SOURCE_ROOT";
		};
		3C1879F4DB01AD8723B5D97F = {
			isa = PBXFileReference;
			lastKnownFileType = file;
			name = "juce_graphics";
			path = "../../../../ext/juce/modules/juce_graphics";
			sourceTree = "SOURCE_ROOT";
		};
		3F9C30734A01FE81E271F881 = {
			isa = PBXFileReference;
			lastKnownFileType = wrapper.framework;
			name = Accelerate.framework;
			path = System/Library/Frameworks/Accelerate.framework;
			sourceTree = SDKROOT;
		};
		481FFA19B4448784BD860BD3 = {
			isa = PBXFileReference;
			lastKnownFileType = wrapper.framework;
			name = Carbon.framework;
			path = System/Library/Frameworks/Carbon.framework;
			sourceTree = SDKROOT;
		};
		50452791E720B80231ABF801 = {
			isa = PBXFileReference;
			lastKnownFileType = file;
			name = "juce_audio_basics";
			path = "../../../../ext/juce/modules/juce_audio_basics";
			sourceTree = "SOURCE_ROOT";
		};
		510934728A7246C43AE722A3 = {
			isa = PBXFileReference;
			lastKnownFileType = file;
			name = "juce_gui_extra";
			path = "../../../../ext/juce/modules/juce_gui_extra";
			sourceTree = "SOURCE_ROOT";
		};
		535B38F737B5C89458A861D0 = {
			isa = PBXFileReference;
			lastKnownFileType = wrapper.framework;
			name = WebKit.framework;
			path = System/Library/Frameworks/WebKit.framework;
			sourceTree = SDKROOT;
		};
		5B004FE5CC385E69242A7686 = {
			isa = PBXFileReference;
			lastKnownFileType = sourcecode.cpp.objcpp;
			name = "include_juce_audio_basics.mm";
			path = "../../JuceLibraryCode/include_juce_audio_basics.mm";
			sourceTree = "SOURCE_ROOT";
		};
		68703AC0467897FE5603DEEE = {
			isa = PBXFileReference;
			lastKnownFileType = wrapper.framework;
			name = AVKit.framework;
			path = System/Library/Frameworks/AVKit.framework;
			sourceTree = SDKROOT;
		};
		6E9EFF964B8E7DC9092D8FD9 = {
			isa = PBXFileReference;
			lastKnownFileType = sourcecode.c.h;
			name = AppConfig.h;
			path = ../../JuceLibraryCode/AppConfig.h;
			sourceTree = "SOURCE_ROOT";
		};
		73E5969E48E4B7CCA63F9F98 = {
			isa = PBXFileReference;
			lastKnownFileType = file;
			name = "juce_gui_basics";
			path = "../../../../ext/juce/modules/juce_gui_basics";
			sourceTree = "SOURCE_ROOT";
		};
		8445A0311BA39E4B811E533B = {
			isa = PBXFileReference;
			lastKnownFileType = sourcecode.cpp.objcpp;
			name = "include_juce_opengl.mm";
			path = "../../JuceLibraryCode/include_juce_opengl.mm";
			sourceTree = "SOURCE_ROOT";
		};
		8A750948ED45E2DDA229B441 = {
			isa = PBXFileReference;
			lastKnownFileType = wrapper.framework;
			name = QuartzCore.framework;
			path = System/Library/Frameworks/QuartzCore.framework;
			sourceTree = SDKROOT;
		};
		8D8D8FE78C104643C2B28222 = {
			isa = PBXFileReference;
			explicitFileType = "compiled.mach-o.executable";
			includeInIndex = 0;
			path = TestRunner;
			sourceTree = "BUILT_PRODUCTS_DIR";
		};
		95BFC105A8DAF482697AA792 = {
			isa = PBXFileReference;
			lastKnownFileType = wrapper.framework;
			name = CoreMIDI.framework;
			path = System/Library/Frameworks/CoreMIDI.framework;
			sourceTree = SDKROOT;
		};
		A19F1296362728C3DC627C0B = {
			isa = PBXFileReference;
			lastKnownFileType = sourcecode.cpp.objcpp;
			name = "include_juce_events.mm";
			path = "../../JuceLibraryCode/include_juce_events.mm";
			sourceTree = "SOURCE_ROOT";
		};
		ABDFFFA692DA0CCD697A00EA = {
			isa = PBXFileReference;
			lastKnownFileType = wrapper.framework;
			name = Cocoa.framework;
			path = System/Library/Frameworks/Cocoa.framework;
			sourceTree = SDKROOT;
		};
		ADF73AAF55892C2A035A4429 = {
			isa = PBXFileReference;
			lastKnownFileType = wrapper.framework;
			name = IOKit.framework;
			path = System/Library/Frameworks/IOKit.framework;
			sourceTree = SDKROOT;
		};
		BB2A673F60836130D178F78B = {
			isa = PBXFileReference;
			lastKnownFileType = sourcecode.cpp.objcpp;
			name = "include_juce_data_structures.mm";
			path = "../../JuceLibraryCode/include_juce_data_structures.mm";
			sourceTree = "SOURCE_ROOT";
		};
		C5FF2EA31A833F866F416898 = {
			isa = PBXFileReference;
			lastKnownFileType = sourcecode.cpp.objcpp;
			name = "include_juce_audio_formats.mm";
			path = "../../JuceLibraryCode/include_juce_audio_formats.mm";
			sourceTree = "SOURCE_ROOT";
		};
		C6F37BEA82661F758E5C1932 = {
			isa = PBXFileReference;
			lastKnownFileType = sourcecode.cpp.objcpp;
			name = "include_juce_audio_processors.mm";
			path = "../../JuceLibraryCode/include_juce_audio_processors.mm";
			sourceTree = "SOURCE_ROOT";
		};
		C9D5B3FC11F41FFDBA722CA4 = {
			isa = PBXFileReference;
			lastKnownFileType = file;
			name = blueprint;
			path = ../../../../blueprint;
			sourceTree = "SOURCE_ROOT";
		};
		CD5E7646FD78D03AE92A822B = {
			isa = PBXFileReference;
			lastKnownFileType = sourcecode.cpp.objcpp;
			name = "include_juce_cryptography.mm";
			path = "../../JuceLibraryCode/include_juce_cryptography.mm";
			sourceTree = "SOURCE_ROOT";
		};
		D19E7B2081B027A878121F07 = {
			isa = PBXFileReference;
			lastKnownFileType = sourcecode.cpp.cpp;
			name = Main.cpp;
			path = ../../Source/Main.cpp;
			sourceTree = "SOURCE_ROOT";
		};
		DBD07E6A7906544A7BED58C1 = {
			isa = PBXFileReference;
			lastKnownFileType = file;
			name = "juce_audio_formats";
			path = "../../../../ext/juce/modules/juce_audio_formats";
			sourceTree = "SOURCE_ROOT";
		};
		DBF2375F23B91809864A3CAC = {
			isa = PBXFileReference;
			lastKnownFileType = sourcecode.cpp.cpp;
			name = "include_blueprint.cpp";
			path = "../../JuceLibraryCode/include_blueprint.cpp";
			sourceTree = "SOURCE_ROOT";
		};
		DEE5D16C23508CD3D4F11201 = {
			isa = PBXFileReference;
			lastKnownFileType = file;
			name = "juce_core";
			path = "../../../../ext/juce/modules/juce_core";
			sourceTree = "SOURCE_ROOT";
		};
		E4AB1162AF6C780BA14950C2 = {
			isa = PBXFileReference;
			lastKnownFileType = wrapper.framework;
			name = CoreAudio.framework;
			path = System/Library/Frameworks/CoreAudio.framework;
			sourceTree = SDKROOT;
		};
		EAE5E8B2139D4655E6763392 = {
			isa = PBXFileReference;
			lastKnownFileType = sourcecode.cpp.objcpp;
			name = "include_juce_gui_basics.mm";
			path = "../../JuceLibraryCode/include_juce_gui_basics.mm";
			sourceTree = "SOURCE_ROOT";
		};
		EB6B7506B3B2537EB5AAD4E4 = {
			isa = PBXFileReference;
			lastKnownFileType = file;
			name = "juce_opengl";
			path = "../../../../ext/juce/modules/juce_opengl";
			sourceTree = "SOURCE_ROOT";
		};
		ECC9E4EFD6BD54665F35F9D7 = {
			isa = PBXFileReference;
			lastKnownFileType = file.nib;
			name = RecentFilesMenuTemplate.nib;
			path = RecentFilesMenuTemplate.nib;
			sourceTree = "SOURCE_ROOT";
		};
		F4E7F2FD848C9721CDA42875 = {
			isa = PBXFileReference;
			lastKnownFileType = sourcecode.cpp.objcpp;
			name = "include_juce_video.mm";
			path = "../../JuceLibraryCode/include_juce_video.mm";
			sourceTree = "SOURCE_ROOT";
		};
		F8894758ECBA54737373F04F = {
			isa = PBXFileReference;
			lastKnownFileType = file;
			name = "juce_events";
			path = "../../../../ext/juce/modules/juce_events";
			sourceTree = "SOURCE_ROOT";
		};
		F9418C2B0EEF358EE09DD67D = {
			isa = PBXFileReference;
			lastKnownFileType = wrapper.framework;
			name = CoreMedia.framework;
			path = System/Library/Frameworks/CoreMedia.framework;
			sourceTree = SDKROOT;
		};
		FD424861F8C991D2AE3281DF = {
			isa = PBXFileReference;
			lastKnownFileType = sourcecode.cpp.objcpp;
			name = "include_juce_core.mm";
			path = "../../JuceLibraryCode/include_juce_core.mm";
			sourceTree = "SOURCE_ROOT";
		};
		FEE84820832CFBAFC34A5F7E = {
			isa = PBXFileReference;
			lastKnownFileType = file;
			name = "juce_data_structures";
			path = "../../../../ext/juce/modules/juce_data_structures";
			sourceTree = "SOURCE_ROOT";
		};
		0F924D5BE98E3DB46088876B = {
			isa = PBXGroup;
			children = (
				D19E7B2081B027A878121F07,
			);
			name = Source;
			sourceTree = "<group>";
		};
		5C7022C49994018C6A36041A = {
			isa = PBXGroup;
			children = (
				0F924D5BE98E3DB46088876B,
			);
			name = TestRunner;
			sourceTree = "<group>";
		};
		510322F8B61AAB6139B41AF3 = {
			isa = PBXGroup;
			children = (
				C9D5B3FC11F41FFDBA722CA4,
				50452791E720B80231ABF801,
				0FEC89746BEF3179EB78FCF5,
				DBD07E6A7906544A7BED58C1,
				105529B757B5C632CBE87C52,
				DEE5D16C23508CD3D4F11201,
				1CD9669E2B64496947EC7929,
				FEE84820832CFBAFC34A5F7E,
				F8894758ECBA54737373F04F,
				3C1879F4DB01AD8723B5D97F,
				73E5969E48E4B7CCA63F9F98,
				510934728A7246C43AE722A3,
				EB6B7506B3B2537EB5AAD4E4,
				353B78B4C41C393529211DDC,
			);
			name = "JUCE Modules";
			sourceTree = "<group>";
		};
		63C62E426D84577428D0D0D4 = {
			isa = PBXGroup;
			children = (
				6E9EFF964B8E7DC9092D8FD9,
				DBF2375F23B91809864A3CAC,
				5B004FE5CC385E69242A7686,
				20FD2CB9AD0FB35C33A667A4,
				C5FF2EA31A833F866F416898,
				C6F37BEA82661F758E5C1932,
				FD424861F8C991D2AE3281DF,
				CD5E7646FD78D03AE92A822B,
				BB2A673F60836130D178F78B,
				A19F1296362728C3DC627C0B,
				30A3A14BCE488552EE3814AB,
				EAE5E8B2139D4655E6763392,
				20DD165FA812AACF633F50F7,
				8445A0311BA39E4B811E533B,
				F4E7F2FD848C9721CDA42875,
				06D668233D7AA770558356E2,
			);
			name = "JUCE Library Code";
			sourceTree = "<group>";
		};
		4394116BEC7B0AFBDE406DF9 = {
			isa = PBXGroup;
			children = (
				ECC9E4EFD6BD54665F35F9D7,
			);
			name = Resources;
			sourceTree = "<group>";
		};
		D090BC733145DDF077D2B2D3 = {
			isa = PBXGroup;
			children = (
				3F9C30734A01FE81E271F881,
				299907B79897019757817590,
				148E04D68179ADEABF1DCD08,
				68703AC0467897FE5603DEEE,
				481FFA19B4448784BD860BD3,
				ABDFFFA692DA0CCD697A00EA,
				E4AB1162AF6C780BA14950C2,
				F9418C2B0EEF358EE09DD67D,
				95BFC105A8DAF482697AA792,
				ADF73AAF55892C2A035A4429,
				1E0A6FF537B9C6EE274A5385,
				8A750948ED45E2DDA229B441,
				535B38F737B5C89458A861D0,
			);
			name = Frameworks;
			sourceTree = "<group>";
		};
		EDBB637C39D93CBEBE16B131 = {
			isa = PBXGroup;
			children = (
				8D8D8FE78C104643C2B28222,
			);
			name = Products;
			sourceTree = "<group>";
		};
		5E42D65D5EC8096837CD24E9 = {
			isa = PBXGroup;
			children = (
				5C7022C49994018C6A36041A,
				510322F8B61AAB6139B41AF3,
				63C62E426D84577428D0D0D4,
				4394116BEC7B0AFBDE406DF9,
				D090BC733145DDF077D2B2D3,
				EDBB637C39D93CBEBE16B131,
			);
			name = Source;
			sourceTree = "<group>";
		};
		A58AF49239D9106D522DB353 = {
			isa = XCBuildConfiguration;
			buildSettings = {
				CLANG_CXX_LANGUAGE_STANDARD = "c++17";
				CLANG_CXX_LIBRARY = "libc++";
				CLANG_LINK_OBJC_RUNTIME = NO;
				CODE_SIGN_IDENTITY = "";
				COMBINE_HIDPI_IMAGES = YES;
				CONFIGURATION_BUILD_DIR = "$(PROJECT_DIR)/build/$(CONFIGURATION)";
				COPY_PHASE_STRIP = NO;
				GCC_DYNAMIC_NO_PIC = NO;
				GCC_OPTIMIZATION_LEVEL = 0;
				GCC_PREPROCESSOR_DEFINITIONS = (
					"_DEBUG=1",
					"DEBUG=1",
					"JUCER_XCODE_MAC_F6D2F4CF=1",
					"JUCE_APP_VERSION=1.0.0",
					"JUCE_APP_VERSION_HEX=0x10000",
					"JucePlugin_Build_VST=0",
					"JucePlugin_Build_VST3=0",
					"JucePlugin_Build_AU=0",
					"JucePlugin_Build_AUv3=0",
					"JucePlugin_Build_RTAS=0",
					"JucePlugin_Build_AAX=0",
					"JucePlugin_Build_Standalone=0",
					"JucePlugin_Build_Unity=0",
				);
				GCC_VERSION = com.apple.compilers.llvm.clang.1_0;
				HEADER_SEARCH_PATHS = (
					"../../JuceLibraryCode",
					"../../../../../blueprint",
					"../../../../blueprint/duktape/src-noline",
					"../../../../blueprint/yoga",
					"../../../../ext/juce/modules",
					"$(inherited)",
				);
				INSTALL_PATH = "/usr/bin";
				MACOSX_DEPLOYMENT_TARGET = 10.11;
				MTL_HEADER_SEARCH_PATHS = (
					"../../JuceLibraryCode",
					"../../../../../blueprint",
					"../../../../blueprint/duktape/src-noline",
					"../../../../blueprint/yoga",
					"../../../../ext/juce/modules",
				);
				PRODUCT_BUNDLE_IDENTIFIER = com.yourcompany.TestRunner;
				PRODUCT_NAME = "TestRunner";
				USE_HEADERMAP = NO;
				VALID_ARCHS = "i386 x86_64 arm64 arm64e";
			};
			name = Debug;
		};
		3453B183D1077F04B94FCB23 = {
			isa = XCBuildConfiguration;
			buildSettings = {
				CLANG_CXX_LANGUAGE_STANDARD = "c++17";
				CLANG_CXX_LIBRARY = "libc++";
				CLANG_LINK_OBJC_RUNTIME = NO;
				CODE_SIGN_IDENTITY = "";
				COMBINE_HIDPI_IMAGES = YES;
				CONFIGURATION_BUILD_DIR = "$(PROJECT_DIR)/build/$(CONFIGURATION)";
				DEAD_CODE_STRIPPING = YES;
				GCC_GENERATE_DEBUGGING_SYMBOLS = NO;
				GCC_OPTIMIZATION_LEVEL = 3;
				GCC_PREPROCESSOR_DEFINITIONS = (
					"_NDEBUG=1",
					"NDEBUG=1",
					"JUCER_XCODE_MAC_F6D2F4CF=1",
					"JUCE_APP_VERSION=1.0.0",
					"JUCE_APP_VERSION_HEX=0x10000",
					"JucePlugin_Build_VST=0",
					"JucePlugin_Build_VST3=0",
					"JucePlugin_Build_AU=0",
					"JucePlugin_Build_AUv3=0",
					"JucePlugin_Build_RTAS=0",
					"JucePlugin_Build_AAX=0",
					"JucePlugin_Build_Standalone=0",
					"JucePlugin_Build_Unity=0",
				);
				GCC_VERSION = com.apple.compilers.llvm.clang.1_0;
				HEADER_SEARCH_PATHS = (
					"../../JuceLibraryCode",
					"../../../../../blueprint",
					"../../../../blueprint/duktape/src-noline",
					"../../../../blueprint/yoga",
					"../../../../ext/juce/modules",
					"$(inherited)",
				);
				INSTALL_PATH = "/usr/bin";
				LLVM_LTO = YES;
				MACOSX_DEPLOYMENT_TARGET = 10.11;
				MTL_HEADER_SEARCH_PATHS = (
					"../../JuceLibraryCode",
					"../../../../../blueprint",
					"../../../../blueprint/duktape/src-noline",
					"../../../../blueprint/yoga",
					"../../../../ext/juce/modules",
				);
				PRODUCT_BUNDLE_IDENTIFIER = com.yourcompany.TestRunner;
				PRODUCT_NAME = "TestRunner";
				USE_HEADERMAP = NO;
				VALID_ARCHS = "i386 x86_64 arm64 arm64e";
			};
			name = Release;
		};
		B4CDE0CA8FAE2D09D6B2CA03 = {
			isa = XCBuildConfiguration;
			buildSettings = {
				ALWAYS_SEARCH_USER_PATHS = NO;
				CLANG_ENABLE_OBJC_WEAK = YES;
				CLANG_WARN_BLOCK_CAPTURE_AUTORELEASING = YES;
				CLANG_WARN_BOOL_CONVERSION = YES;
				CLANG_WARN_COMMA = YES;
				CLANG_WARN_CONSTANT_CONVERSION = YES;
				CLANG_WARN_DEPRECATED_OBJC_IMPLEMENTATIONS = YES;
				CLANG_WARN_EMPTY_BODY = YES;
				CLANG_WARN_ENUM_CONVERSION = YES;
				CLANG_WARN_INFINITE_RECURSION = YES;
				CLANG_WARN_INT_CONVERSION = YES;
				CLANG_WARN_NON_LITERAL_NULL_CONVERSION = YES;
				CLANG_WARN_OBJC_IMPLICIT_RETAIN_SELF = YES;
				CLANG_WARN_OBJC_LITERAL_CONVERSION = YES;
				CLANG_WARN_RANGE_LOOP_ANALYSIS = YES;
				CLANG_WARN_STRICT_PROTOTYPES = YES;
				CLANG_WARN_SUSPICIOUS_MOVE = YES;
				CLANG_WARN_UNREACHABLE_CODE = YES;
				CLANG_WARN__DUPLICATE_METHOD_MATCH = YES;
				CODE_SIGN_IDENTITY = "";
				DEBUG_INFORMATION_FORMAT = dwarf;
				ENABLE_STRICT_OBJC_MSGSEND = YES;
				ENABLE_TESTABILITY = NO;
				GCC_C_LANGUAGE_STANDARD = c11;
				GCC_INLINES_ARE_PRIVATE_EXTERN = YES;
				GCC_MODEL_TUNING = G5;
				GCC_NO_COMMON_BLOCKS = YES;
				GCC_SYMBOLS_PRIVATE_EXTERN = YES;
				GCC_WARN_64_TO_32_BIT_CONVERSION = YES;
				GCC_WARN_ABOUT_RETURN_TYPE = YES;
				GCC_WARN_CHECK_SWITCH_STATEMENTS = YES;
				GCC_WARN_MISSING_PARENTHESES = YES;
				GCC_WARN_NON_VIRTUAL_DESTRUCTOR = YES;
				GCC_WARN_TYPECHECK_CALLS_TO_PRINTF = YES;
				GCC_WARN_UNDECLARED_SELECTOR = YES;
				GCC_WARN_UNINITIALIZED_AUTOS = YES;
				GCC_WARN_UNUSED_FUNCTION = YES;
				GCC_WARN_UNUSED_VARIABLE = YES;
				ONLY_ACTIVE_ARCH = YES;
				PRODUCT_NAME = "TestRunner";
				SDKROOT = macosx;
				WARNING_CFLAGS = "-Wreorder";
				ZERO_LINK = NO;
			};
			name = Debug;
		};
		C407BCEA2A0144ED3055FC21 = {
			isa = XCBuildConfiguration;
			buildSettings = {
				ALWAYS_SEARCH_USER_PATHS = NO;
				CLANG_ENABLE_OBJC_WEAK = YES;
				CLANG_WARN_BLOCK_CAPTURE_AUTORELEASING = YES;
				CLANG_WARN_BOOL_CONVERSION = YES;
				CLANG_WARN_COMMA = YES;
				CLANG_WARN_CONSTANT_CONVERSION = YES;
				CLANG_WARN_DEPRECATED_OBJC_IMPLEMENTATIONS = YES;
				CLANG_WARN_EMPTY_BODY = YES;
				CLANG_WARN_ENUM_CONVERSION = YES;
				CLANG_WARN_INFINITE_RECURSION = YES;
				CLANG_WARN_INT_CONVERSION = YES;
				CLANG_WARN_NON_LITERAL_NULL_CONVERSION = YES;
				CLANG_WARN_OBJC_IMPLICIT_RETAIN_SELF = YES;
				CLANG_WARN_OBJC_LITERAL_CONVERSION = YES;
				CLANG_WARN_RANGE_LOOP_ANALYSIS = YES;
				CLANG_WARN_STRICT_PROTOTYPES = YES;
				CLANG_WARN_SUSPICIOUS_MOVE = YES;
				CLANG_WARN_UNREACHABLE_CODE = YES;
				CLANG_WARN__DUPLICATE_METHOD_MATCH = YES;
				CODE_SIGN_IDENTITY = "";
				DEBUG_INFORMATION_FORMAT = dwarf;
				ENABLE_STRICT_OBJC_MSGSEND = YES;
				ENABLE_TESTABILITY = NO;
				GCC_C_LANGUAGE_STANDARD = c11;
				GCC_INLINES_ARE_PRIVATE_EXTERN = YES;
				GCC_MODEL_TUNING = G5;
				GCC_NO_COMMON_BLOCKS = YES;
				GCC_SYMBOLS_PRIVATE_EXTERN = YES;
				GCC_WARN_64_TO_32_BIT_CONVERSION = YES;
				GCC_WARN_ABOUT_RETURN_TYPE = YES;
				GCC_WARN_CHECK_SWITCH_STATEMENTS = YES;
				GCC_WARN_MISSING_PARENTHESES = YES;
				GCC_WARN_NON_VIRTUAL_DESTRUCTOR = YES;
				GCC_WARN_TYPECHECK_CALLS_TO_PRINTF = YES;
				GCC_WARN_UNDECLARED_SELECTOR = YES;
				GCC_WARN_UNINITIALIZED_AUTOS = YES;
				GCC_WARN_UNUSED_FUNCTION = YES;
				GCC_WARN_UNUSED_VARIABLE = YES;
				PRODUCT_NAME = "TestRunner";
				SDKROOT = macosx;
				WARNING_CFLAGS = "-Wreorder";
				ZERO_LINK = NO;
			};
			name = Release;
		};
		7DABD37909CE960B14F301DB = {
			isa = XCConfigurationList;
			buildConfigurations = (
				B4CDE0CA8FAE2D09D6B2CA03,
				C407BCEA2A0144ED3055FC21,
			);
			defaultConfigurationIsVisible = 0;
			defaultConfigurationName = Debug;
		};
		CF8EF645AA72BF09E467318D = {
			isa = XCConfigurationList;
			buildConfigurations = (
				A58AF49239D9106D522DB353,
				3453B183D1077F04B94FCB23,
			);
			defaultConfigurationIsVisible = 0;
			defaultConfigurationName = Debug;
		};
		9B2968D25B07A701BE1EAC34 = {
			isa = PBXResourcesBuildPhase;
			buildActionMask = 2147483647;
			files = (
				97C1377B60890B2DB3AD3ACF,
			);
			runOnlyForDeploymentPostprocessing = 0;
		};
		DFEF06ED79B6F130D2E63328 = {
			isa = PBXSourcesBuildPhase;
			buildActionMask = 2147483647;
			files = (
				F38B6A5F58B64F7053E902F1,
				9664B7A5936974F2007C528C,
				4D1F1CB85BA2308C1C630D90,
				4ED966D88A62A88CDBB79E79,
				6B10A9C9A5D1E0D1FAA7D8F9,
				93F15141A5FEA209EDDE2A9C,
				E23DCF8E8CCF0E8845A053D9,
				7206D52EC79B30C40C3F644B,
				E567650799E1F72E484C46EC,
				FCB5F2AADACF010D4777B6C1,
				9525A9D207E3A3518DF1E5D0,
				7B183CB1ED95E07C7D3EAAC1,
				3748EED9AFAFFCE392F4DEE8,
				032D541B0AABAFFB066DB83A,
				33E92FBDEF3FF313CFB04EB8,
			);
			runOnlyForDeploymentPostprocessing = 0;
		};
		4B07730ECA76468026C08494 = {
			isa = PBXFrameworksBuildPhase;
			buildActionMask = 2147483647;
			files = (
				082DAFE500836B1A73DB50D4,
				B79171C4311ADD6AB61D49C4,
				87A0704FFC8F450A7BBD7DBE,
				D0CED8509C45429E02D1C5C2,
				5072649C54AE87802FF4C79B,
				4DC3CB4C9560283E20EA2E37,
				DFB262BD67058DA59D1051F7,
				2668A80E3EFC24C376F31EC6,
				EF6144E3FC962916EBCCE92C,
				35F5B7E2CFF0AECA2C8102BF,
				81C23AB74D163F0DDEEFE22C,
				1865E69F3E67494A2D2CFC15,
				C822C82978E305033A9782FA,
			);
			runOnlyForDeploymentPostprocessing = 0;
		};
		A114538912EBEBDD78192285 = {
			isa = PBXNativeTarget;
			buildConfigurationList = CF8EF645AA72BF09E467318D;
			buildPhases = (
				9B2968D25B07A701BE1EAC34,
				DFEF06ED79B6F130D2E63328,
				4B07730ECA76468026C08494,
			);
			buildRules = ( );
			dependencies = ( );
			name = "TestRunner - ConsoleApp";
			productName = TestRunner;
			productReference = 8D8D8FE78C104643C2B28222;
			productType = "com.apple.product-type.tool";
		};
		4AB011DC9BB41503981E7889 = {
			isa = PBXProject;
			buildConfigurationList = 7DABD37909CE960B14F301DB;
			attributes = { LastUpgradeCheck = 1220; ORGANIZATIONNAME = ""; };
			compatibilityVersion = "Xcode 3.2";
			hasScannedForEncodings = 0;
			mainGroup = 5E42D65D5EC8096837CD24E9;
			projectDirPath = "";
			projectRoot = "";
			targets = (A114538912EBEBDD78192285);
			knownRegions = (en, Base);
		};
	};
	rootObject = 4AB011DC9BB41503981E7889;
}
